<?xml version="1.0" encoding="utf-8"?>
<Project ToolsVersion="4.0" xmlns="http://schemas.microsoft.com/developer/msbuild/2003">
  <ItemGroup>
    <Filter Include="Source Files">
      <UniqueIdentifier>{cf29767e-ea4b-4d13-844b-a08de8f10d0f}</UniqueIdentifier>
    </Filter>
    <Filter Include="Generated Files">
      <UniqueIdentifier>{88ca13d6-e51a-4b34-8bf0-3e79fce51ceb}</UniqueIdentifier>
      <SourceControlFiles>False</SourceControlFiles>
    </Filter>
  </ItemGroup>
  <ItemGroup>
    <None Include="COM_inspectps.def" />
  </ItemGroup>
  <ItemGroup>
    <ClCompile Include="COM_inspect_i.c">
      <Filter>Generated Files</Filter>
    </ClCompile>
    <ClCompile Include="COM_inspect_p.c">
      <Filter>Generated Files</Filter>
    </ClCompile>
    <ClCompile Include="dlldata.c">
      <Filter>Generated Files</Filter>
    </ClCompile>
  </ItemGroup>
</Project>