
Microsoft Visual Studio Solution File, Format Version 12.00
# Visual Studio 14
VisualStudioVersion = 14.0.24720.0
MinimumVisualStudioVersion = 10.0.40219.1
Project("{FAE04EC0-301F-11D3-BF4B-00C04F79EFBC}") = "WebApplication", "WebApplication\WebApplication.csproj", "{06510F93-77A6-4B92-A99E-16319D4D5C93}"
EndProject
Project("{FAE04EC0-301F-11D3-BF4B-00C04F79EFBC}") = "AdminApplication", "AdminApplication\AdminApplication.csproj", "{C41B2BA3-CB92-4DC5-8FF6-B84FE6E2E5BD}"
EndProject
Project("{FAE04EC0-301F-11D3-BF4B-00C04F79EFBC}") = "ControllerUnit", "ControllerUnit\ControllerUnit.csproj", "{A53E7C68-0BEF-4433-950A-B0A059729F99}"
EndProject
Project("{FAE04EC0-301F-11D3-BF4B-00C04F79EFBC}") = "NETComponentInspector", "NETComponentInspector\NETComponentInspector.csproj", "{B3B32130-706A-466B-848E-371DA7475C6E}"
EndProject
Project("{FAE04EC0-301F-11D3-BF4B-00C04F79EFBC}") = "COMComponentInspector", "COMComponentInspector\COMComponentInspector.csproj", "{9495E1EF-7653-48B8-9506-757AC169FCEA}"
EndProject
Project("{FAE04EC0-301F-11D3-BF4B-00C04F79EFBC}") = "JAVAComponentInspector", "JAVAComponentInspector\JAVAComponentInspector.csproj", "{BE532376-E861-4073-917E-ED87DB09BEBB}"
EndProject
Global
	GlobalSection(SolutionConfigurationPlatforms) = preSolution
		Debug|Any CPU = Debug|Any CPU
		Release|Any CPU = Release|Any CPU
	EndGlobalSection
	GlobalSection(ProjectConfigurationPlatforms) = postSolution
		{06510F93-77A6-4B92-A99E-16319D4D5C93}.Debug|Any CPU.ActiveCfg = Debug|Any CPU
		{06510F93-77A6-4B92-A99E-16319D4D5C93}.Debug|Any CPU.Build.0 = Debug|Any CPU
		{06510F93-77A6-4B92-A99E-16319D4D5C93}.Release|Any CPU.ActiveCfg = Release|Any CPU
		{06510F93-77A6-4B92-A99E-16319D4D5C93}.Release|Any CPU.Build.0 = Release|Any CPU
		{C41B2BA3-CB92-4DC5-8FF6-B84FE6E2E5BD}.Debug|Any CPU.ActiveCfg = Debug|Any CPU
		{C41B2BA3-CB92-4DC5-8FF6-B84FE6E2E5BD}.Debug|Any CPU.Build.0 = Debug|Any CPU
		{C41B2BA3-CB92-4DC5-8FF6-B84FE6E2E5BD}.Release|Any CPU.ActiveCfg = Release|Any CPU
		{C41B2BA3-CB92-4DC5-8FF6-B84FE6E2E5BD}.Release|Any CPU.Build.0 = Release|Any CPU
		{A53E7C68-0BEF-4433-950A-B0A059729F99}.Debug|Any CPU.ActiveCfg = Debug|Any CPU
		{A53E7C68-0BEF-4433-950A-B0A059729F99}.Debug|Any CPU.Build.0 = Debug|Any CPU
		{A53E7C68-0BEF-4433-950A-B0A059729F99}.Release|Any CPU.ActiveCfg = Release|Any CPU
		{A53E7C68-0BEF-4433-950A-B0A059729F99}.Release|Any CPU.Build.0 = Release|Any CPU
		{B3B32130-706A-466B-848E-371DA7475C6E}.Debug|Any CPU.ActiveCfg = Debug|Any CPU
		{B3B32130-706A-466B-848E-371DA7475C6E}.Debug|Any CPU.Build.0 = Debug|Any CPU
		{B3B32130-706A-466B-848E-371DA7475C6E}.Release|Any CPU.ActiveCfg = Release|Any CPU
		{B3B32130-706A-466B-848E-371DA7475C6E}.Release|Any CPU.Build.0 = Release|Any CPU
		{9495E1EF-7653-48B8-9506-757AC169FCEA}.Debug|Any CPU.ActiveCfg = Debug|Any CPU
		{9495E1EF-7653-48B8-9506-757AC169FCEA}.Debug|Any CPU.Build.0 = Debug|Any CPU
		{9495E1EF-7653-48B8-9506-757AC169FCEA}.Release|Any CPU.ActiveCfg = Release|Any CPU
		{9495E1EF-7653-48B8-9506-757AC169FCEA}.Release|Any CPU.Build.0 = Release|Any CPU
		{BE532376-E861-4073-917E-ED87DB09BEBB}.Debug|Any CPU.ActiveCfg = Debug|Any CPU
		{BE532376-E861-4073-917E-ED87DB09BEBB}.Debug|Any CPU.Build.0 = Debug|Any CPU
		{BE532376-E861-4073-917E-ED87DB09BEBB}.Release|Any CPU.ActiveCfg = Release|Any CPU
		{BE532376-E861-4073-917E-ED87DB09BEBB}.Release|Any CPU.Build.0 = Release|Any CPU
	EndGlobalSection
	GlobalSection(SolutionProperties) = preSolution
		HideSolutionNode = FALSE
	EndGlobalSection
EndGlobal
